
Microsoft Visual Studio Solution File, Format Version 12.00
# Visual Studio Version 17
VisualStudioVersion = 17.5.33627.172
MinimumVisualStudioVersion = 10.0.40219.1
Project("{FAE04EC0-301F-11D3-BF4B-00C04F79EFBC}") = "DungeonCrawler", "DungeonCrawler\DungeonCrawler.csproj", "{183F8D14-2D3D-4DE3-9127-79A3C650E015}"
EndProject
Global
	GlobalSection(SolutionConfigurationPlatforms) = preSolution
		Debug|Any CPU = Debug|Any CPU
		Release|Any CPU = Release|Any CPU
	EndGlobalSection
	GlobalSection(ProjectConfigurationPlatforms) = postSolution
		{183F8D14-2D3D-4DE3-9127-79A3C650E015}.Debug|Any CPU.ActiveCfg = Debug|Any CPU
		{183F8D14-2D3D-4DE3-9127-79A3C650E015}.Debug|Any CPU.Build.0 = Debug|Any CPU
		{183F8D14-2D3D-4DE3-9127-79A3C650E015}.Release|Any CPU.ActiveCfg = Release|Any CPU
		{183F8D14-2D3D-4DE3-9127-79A3C650E015}.Release|Any CPU.Build.0 = Release|Any CPU
	EndGlobalSection
	GlobalSection(SolutionProperties) = preSolution
		HideSolutionNode = FALSE
	EndGlobalSection
	GlobalSection(ExtensibilityGlobals) = postSolution
		SolutionGuid = {C357AC24-22BD-483D-90DA-3B1905C2F99B}
	EndGlobalSection
EndGlobal
